// !$*UTF8*$!
{
	archiveVersion = 1;
	classes = {
	};
	objectVersion = 50;
	objects = {

/* Begin PBXBuildFile section */
		290DD6542189C4E4007693FE /* AppDelegate.swift in Sources */ = {isa = PBXBuildFile; fileRef = 290DD6532189C4E4007693FE /* AppDelegate.swift */; };
		290DD6562189C4E4007693FE /* RootViewController.swift in Sources */ = {isa = PBXBuildFile; fileRef = 290DD6552189C4E4007693FE /* RootViewController.swift */; };
		290DD6582189C4E4007693FE /* DataViewController.swift in Sources */ = {isa = PBXBuildFile; fileRef = 290DD6572189C4E4007693FE /* DataViewController.swift */; };
		290DD65A2189C4E4007693FE /* ModelController.swift in Sources */ = {isa = PBXBuildFile; fileRef = 290DD6592189C4E4007693FE /* ModelController.swift */; };
		290DD65D2189C4E4007693FE /* Main.storyboard in Resources */ = {isa = PBXBuildFile; fileRef = 290DD65B2189C4E4007693FE /* Main.storyboard */; };
		290DD65F2189C4E5007693FE /* Assets.xcassets in Resources */ = {isa = PBXBuildFile; fileRef = 290DD65E2189C4E5007693FE /* Assets.xcassets */; };
		290DD6622189C4E5007693FE /* LaunchScreen.storyboard in Resources */ = {isa = PBXBuildFile; fileRef = 290DD6602189C4E5007693FE /* LaunchScreen.storyboard */; };
		293376D121A42D6100AEDE42 /* sonar-project.properties in Resources */ = {isa = PBXBuildFile; fileRef = 293376D021A42D6100AEDE42 /* sonar-project.properties */; };
		293376DA21A44CD000AEDE42 /* DeepthiTests.swift in Sources */ = {isa = PBXBuildFile; fileRef = 293376D921A44CD000AEDE42 /* DeepthiTests.swift */; };
/* End PBXBuildFile section */

/* Begin PBXContainerItemProxy section */
		293376DC21A44CD000AEDE42 /* PBXContainerItemProxy */ = {
			isa = PBXContainerItemProxy;
			containerPortal = 290DD6482189C4E4007693FE /* Project object */;
			proxyType = 1;
			remoteGlobalIDString = 290DD64F2189C4E4007693FE;
			remoteInfo = Deepthi;
		};
/* End PBXContainerItemProxy section */

/* Begin PBXFileReference section */
		290DD6502189C4E4007693FE /* Deepthi.app */ = {isa = PBXFileReference; explicitFileType = wrapper.application; includeInIndex = 0; path = Deepthi.app; sourceTree = BUILT_PRODUCTS_DIR; };
		290DD6532189C4E4007693FE /* AppDelegate.swift */ = {isa = PBXFileReference; lastKnownFileType = sourcecode.swift; path = AppDelegate.swift; sourceTree = "<group>"; };
		290DD6552189C4E4007693FE /* RootViewController.swift */ = {isa = PBXFileReference; lastKnownFileType = sourcecode.swift; path = RootViewController.swift; sourceTree = "<group>"; };
		290DD6572189C4E4007693FE /* DataViewController.swift */ = {isa = PBXFileReference; lastKnownFileType = sourcecode.swift; path = DataViewController.swift; sourceTree = "<group>"; };
		290DD6592189C4E4007693FE /* ModelController.swift */ = {isa = PBXFileReference; lastKnownFileType = sourcecode.swift; path = ModelController.swift; sourceTree = "<group>"; };
		290DD65C2189C4E4007693FE /* Base */ = {isa = PBXFileReference; lastKnownFileType = file.storyboard; name = Base; path = Base.lproj/Main.storyboard; sourceTree = "<group>"; };
		290DD65E2189C4E5007693FE /* Assets.xcassets */ = {isa = PBXFileReference; lastKnownFileType = folder.assetcatalog; path = Assets.xcassets; sourceTree = "<group>"; };
		290DD6612189C4E5007693FE /* Base */ = {isa = PBXFileReference; lastKnownFileType = file.storyboard; name = Base; path = Base.lproj/LaunchScreen.storyboard; sourceTree = "<group>"; };
		290DD6632189C4E5007693FE /* Info.plist */ = {isa = PBXFileReference; lastKnownFileType = text.plist.xml; path = Info.plist; sourceTree = "<group>"; };
		293376D021A42D6100AEDE42 /* sonar-project.properties */ = {isa = PBXFileReference; fileEncoding = 4; lastKnownFileType = text; path = "sonar-project.properties"; sourceTree = "<group>"; };
		293376D221A4496400AEDE42 /* run-sonar-swift.sh */ = {isa = PBXFileReference; lastKnownFileType = text.script.sh; path = "run-sonar-swift.sh"; sourceTree = "<group>"; };
		293376D721A44CCF00AEDE42 /* DeepthiTests.xctest */ = {isa = PBXFileReference; explicitFileType = wrapper.cfbundle; includeInIndex = 0; path = DeepthiTests.xctest; sourceTree = BUILT_PRODUCTS_DIR; };
		293376D921A44CD000AEDE42 /* DeepthiTests.swift */ = {isa = PBXFileReference; lastKnownFileType = sourcecode.swift; path = DeepthiTests.swift; sourceTree = "<group>"; };
		293376DB21A44CD000AEDE42 /* Info.plist */ = {isa = PBXFileReference; lastKnownFileType = text.plist.xml; path = Info.plist; sourceTree = "<group>"; };
/* End PBXFileReference section */

/* Begin PBXFrameworksBuildPhase section */
		290DD64D2189C4E4007693FE /* Frameworks */ = {
			isa = PBXFrameworksBuildPhase;
			buildActionMask = 2147483647;
			files = (
			);
			runOnlyForDeploymentPostprocessing = 0;
		};
		293376D421A44CCF00AEDE42 /* Frameworks */ = {
			isa = PBXFrameworksBuildPhase;
			buildActionMask = 2147483647;
			files = (
			);
			runOnlyForDeploymentPostprocessing = 0;
		};
/* End PBXFrameworksBuildPhase section */

/* Begin PBXGroup section */
		290DD6472189C4E4007693FE = {
			isa = PBXGroup;
			children = (
				293376D221A4496400AEDE42 /* run-sonar-swift.sh */,
				293376D021A42D6100AEDE42 /* sonar-project.properties */,
				290DD6522189C4E4007693FE /* Deepthi */,
				293376D821A44CD000AEDE42 /* DeepthiTests */,
				290DD6512189C4E4007693FE /* Products */,
			);
			sourceTree = "<group>";
		};
		290DD6512189C4E4007693FE /* Products */ = {
			isa = PBXGroup;
			children = (
				290DD6502189C4E4007693FE /* Deepthi.app */,
				293376D721A44CCF00AEDE42 /* DeepthiTests.xctest */,
			);
			name = Products;
			sourceTree = "<group>";
		};
		290DD6522189C4E4007693FE /* Deepthi */ = {
			isa = PBXGroup;
			children = (
				290DD6532189C4E4007693FE /* AppDelegate.swift */,
				290DD6552189C4E4007693FE /* RootViewController.swift */,
				290DD6572189C4E4007693FE /* DataViewController.swift */,
				290DD6592189C4E4007693FE /* ModelController.swift */,
				290DD65B2189C4E4007693FE /* Main.storyboard */,
				290DD65E2189C4E5007693FE /* Assets.xcassets */,
				290DD6602189C4E5007693FE /* LaunchScreen.storyboard */,
				290DD6632189C4E5007693FE /* Info.plist */,
			);
			path = Deepthi;
			sourceTree = "<group>";
		};
		293376D821A44CD000AEDE42 /* DeepthiTests */ = {
			isa = PBXGroup;
			children = (
				293376D921A44CD000AEDE42 /* DeepthiTests.swift */,
				293376DB21A44CD000AEDE42 /* Info.plist */,
			);
			path = DeepthiTests;
			sourceTree = "<group>";
		};
/* End PBXGroup section */

/* Begin PBXNativeTarget section */
		290DD64F2189C4E4007693FE /* Deepthi */ = {
			isa = PBXNativeTarget;
			buildConfigurationList = 290DD6662189C4E5007693FE /* Build configuration list for PBXNativeTarget "Deepthi" */;
			buildPhases = (
				290DD64C2189C4E4007693FE /* Sources */,
				290DD64D2189C4E4007693FE /* Frameworks */,
				290DD64E2189C4E4007693FE /* Resources */,
			);
			buildRules = (
			);
			dependencies = (
			);
			name = Deepthi;
			productName = Deepthi;
			productReference = 290DD6502189C4E4007693FE /* Deepthi.app */;
			productType = "com.apple.product-type.application";
		};
		293376D621A44CCF00AEDE42 /* DeepthiTests */ = {
			isa = PBXNativeTarget;
			buildConfigurationList = 293376DE21A44CD000AEDE42 /* Build configuration list for PBXNativeTarget "DeepthiTests" */;
			buildPhases = (
				293376D321A44CCF00AEDE42 /* Sources */,
				293376D421A44CCF00AEDE42 /* Frameworks */,
				293376D521A44CCF00AEDE42 /* Resources */,
			);
			buildRules = (
			);
			dependencies = (
				293376DD21A44CD000AEDE42 /* PBXTargetDependency */,
			);
			name = DeepthiTests;
			productName = DeepthiTests;
			productReference = 293376D721A44CCF00AEDE42 /* DeepthiTests.xctest */;
			productType = "com.apple.product-type.bundle.unit-test";
		};
/* End PBXNativeTarget section */

/* Begin PBXProject section */
		290DD6482189C4E4007693FE /* Project object */ = {
			isa = PBXProject;
			attributes = {
				LastSwiftUpdateCheck = 0940;
				LastUpgradeCheck = 0940;
				ORGANIZATIONNAME = Deepthi;
				TargetAttributes = {
					290DD64F2189C4E4007693FE = {
						CreatedOnToolsVersion = 9.4;
					};
					293376D621A44CCF00AEDE42 = {
						CreatedOnToolsVersion = 9.4;
						TestTargetID = 290DD64F2189C4E4007693FE;
					};
				};
			};
			buildConfigurationList = 290DD64B2189C4E4007693FE /* Build configuration list for PBXProject "Deepthi" */;
			compatibilityVersion = "Xcode 9.3";
			developmentRegion = en;
			hasScannedForEncodings = 0;
			knownRegions = (
				en,
				Base,
			);
			mainGroup = 290DD6472189C4E4007693FE;
			productRefGroup = 290DD6512189C4E4007693FE /* Products */;
			projectDirPath = "";
			projectRoot = "";
			targets = (
				290DD64F2189C4E4007693FE /* Deepthi */,
				293376D621A44CCF00AEDE42 /* DeepthiTests */,
			);
		};
/* End PBXProject section */

/* Begin PBXResourcesBuildPhase section */
		290DD64E2189C4E4007693FE /* Resources */ = {
			isa = PBXResourcesBuildPhase;
			buildActionMask = 2147483647;
			files = (
				290DD6622189C4E5007693FE /* LaunchScreen.storyboard in Resources */,
				290DD65F2189C4E5007693FE /* Assets.xcassets in Resources */,
				293376D121A42D6100AEDE42 /* sonar-project.properties in Resources */,
				290DD65D2189C4E4007693FE /* Main.storyboard in Resources */,
			);
			runOnlyForDeploymentPostprocessing = 0;
		};
		293376D521A44CCF00AEDE42 /* Resources */ = {
			isa = PBXResourcesBuildPhase;
			buildActionMask = 2147483647;
			files = (
			);
			runOnlyForDeploymentPostprocessing = 0;
		};
/* End PBXResourcesBuildPhase section */

/* Begin PBXSourcesBuildPhase section */
		290DD64C2189C4E4007693FE /* Sources */ = {
			isa = PBXSourcesBuildPhase;
			buildActionMask = 2147483647;
			files = (
				290DD6562189C4E4007693FE /* RootViewController.swift in Sources */,
				290DD65A2189C4E4007693FE /* ModelController.swift in Sources */,
				290DD6582189C4E4007693FE /* DataViewController.swift in Sources */,
				290DD6542189C4E4007693FE /* AppDelegate.swift in Sources */,
			);
			runOnlyForDeploymentPostprocessing = 0;
		};
		293376D321A44CCF00AEDE42 /* Sources */ = {
			isa = PBXSourcesBuildPhase;
			buildActionMask = 2147483647;
			files = (
				293376DA21A44CD000AEDE42 /* DeepthiTests.swift in Sources */,
			);
			runOnlyForDeploymentPostprocessing = 0;
		};
/* End PBXSourcesBuildPhase section */

/* Begin PBXTargetDependency section */
		293376DD21A44CD000AEDE42 /* PBXTargetDependency */ = {
			isa = PBXTargetDependency;
			target = 290DD64F2189C4E4007693FE /* Deepthi */;
			targetProxy = 293376DC21A44CD000AEDE42 /* PBXContainerItemProxy */;
		};
/* End PBXTargetDependency section */

/* Begin PBXVariantGroup section */
		290DD65B2189C4E4007693FE /* Main.storyboard */ = {
			isa = PBXVariantGroup;
			children = (
				290DD65C2189C4E4007693FE /* Base */,
			);
			name = Main.storyboard;
			sourceTree = "<group>";
		};
		290DD6602189C4E5007693FE /* LaunchScreen.storyboard */ = {
			isa = PBXVariantGroup;
			children = (
				290DD6612189C4E5007693FE /* Base */,
			);
			name = LaunchScreen.storyboard;
			sourceTree = "<group>";
		};
/* End PBXVariantGroup section */

/* Begin XCBuildConfiguration section */
		290DD6642189C4E5007693FE /* Debug */ = {
			isa = XCBuildConfiguration;
			buildSettings = {
				ALWAYS_SEARCH_USER_PATHS = NO;
				CLANG_ANALYZER_NONNULL = YES;
				CLANG_ANALYZER_NUMBER_OBJECT_CONVERSION = YES_AGGRESSIVE;
				CLANG_CXX_LANGUAGE_STANDARD = "gnu++14";
				CLANG_CXX_LIBRARY = "libc++";
				CLANG_ENABLE_MODULES = YES;
				CLANG_ENABLE_OBJC_ARC = YES;
				CLANG_ENABLE_OBJC_WEAK = YES;
				CLANG_WARN_BLOCK_CAPTURE_AUTORELEASING = YES;
				CLANG_WARN_BOOL_CONVERSION = YES;
				CLANG_WARN_COMMA = YES;
				CLANG_WARN_CONSTANT_CONVERSION = YES;
				CLANG_WARN_DEPRECATED_OBJC_IMPLEMENTATIONS = YES;
				CLANG_WARN_DIRECT_OBJC_ISA_USAGE = YES_ERROR;
				CLANG_WARN_DOCUMENTATION_COMMENTS = YES;
				CLANG_WARN_EMPTY_BODY = YES;
				CLANG_WARN_ENUM_CONVERSION = YES;
				CLANG_WARN_INFINITE_RECURSION = YES;
				CLANG_WARN_INT_CONVERSION = YES;
				CLANG_WARN_NON_LITERAL_NULL_CONVERSION = YES;
				CLANG_WARN_OBJC_IMPLICIT_RETAIN_SELF = YES;
				CLANG_WARN_OBJC_LITERAL_CONVERSION = YES;
				CLANG_WARN_OBJC_ROOT_CLASS = YES_ERROR;
				CLANG_WARN_RANGE_LOOP_ANALYSIS = YES;
				CLANG_WARN_STRICT_PROTOTYPES = YES;
				CLANG_WARN_SUSPICIOUS_MOVE = YES;
				CLANG_WARN_UNGUARDED_AVAILABILITY = YES_AGGRESSIVE;
				CLANG_WARN_UNREACHABLE_CODE = YES;
				CLANG_WARN__DUPLICATE_METHOD_MATCH = YES;
				CODE_SIGN_IDENTITY = "iPhone Developer";
				COPY_PHASE_STRIP = NO;
				DEBUG_INFORMATION_FORMAT = dwarf;
				ENABLE_STRICT_OBJC_MSGSEND = YES;
				ENABLE_TESTABILITY = YES;
				GCC_C_LANGUAGE_STANDARD = gnu11;
				GCC_DYNAMIC_NO_PIC = NO;
				GCC_NO_COMMON_BLOCKS = YES;
				GCC_OPTIMIZATION_LEVEL = 0;
				GCC_PREPROCESSOR_DEFINITIONS = (
					"DEBUG=1",
					"$(inherited)",
				);
				GCC_WARN_64_TO_32_BIT_CONVERSION = YES;
				GCC_WARN_ABOUT_RETURN_TYPE = YES_ERROR;
				GCC_WARN_UNDECLARED_SELECTOR = YES;
				GCC_WARN_UNINITIALIZED_AUTOS = YES_AGGRESSIVE;
				GCC_WARN_UNUSED_FUNCTION = YES;
				GCC_WARN_UNUSED_VARIABLE = YES;
				IPHONEOS_DEPLOYMENT_TARGET = 11.4;
				MTL_ENABLE_DEBUG_INFO = YES;
				ONLY_ACTIVE_ARCH = YES;
				SDKROOT = iphoneos;
				SWIFT_ACTIVE_COMPILATION_CONDITIONS = DEBUG;
				SWIFT_OPTIMIZATION_LEVEL = "-Onone";
			};
			name = Debug;
		};
		290DD6652189C4E5007693FE /* Release */ = {
			isa = XCBuildConfiguration;
			buildSettings = {
				ALWAYS_SEARCH_USER_PATHS = NO;
				CLANG_ANALYZER_NONNULL = YES;
				CLANG_ANALYZER_NUMBER_OBJECT_CONVERSION = YES_AGGRESSIVE;
				CLANG_CXX_LANGUAGE_STANDARD = "gnu++14";
				CLANG_CXX_LIBRARY = "libc++";
				CLANG_ENABLE_MODULES = YES;
				CLANG_ENABLE_OBJC_ARC = YES;
				CLANG_ENABLE_OBJC_WEAK = YES;
				CLANG_WARN_BLOCK_CAPTURE_AUTORELEASING = YES;
				CLANG_WARN_BOOL_CONVERSION = YES;
				CLANG_WARN_COMMA = YES;
				CLANG_WARN_CONSTANT_CONVERSION = YES;
				CLANG_WARN_DEPRECATED_OBJC_IMPLEMENTATIONS = YES;
				CLANG_WARN_DIRECT_OBJC_ISA_USAGE = YES_ERROR;
				CLANG_WARN_DOCUMENTATION_COMMENTS = YES;
				CLANG_WARN_EMPTY_BODY = YES;
				CLANG_WARN_ENUM_CONVERSION = YES;
				CLANG_WARN_INFINITE_RECURSION = YES;
				CLANG_WARN_INT_CONVERSION = YES;
				CLANG_WARN_NON_LITERAL_NULL_CONVERSION = YES;
				CLANG_WARN_OBJC_IMPLICIT_RETAIN_SELF = YES;
				CLANG_WARN_OBJC_LITERAL_CONVERSION = YES;
				CLANG_WARN_OBJC_ROOT_CLASS = YES_ERROR;
				CLANG_WARN_RANGE_LOOP_ANALYSIS = YES;
				CLANG_WARN_STRICT_PROTOTYPES = YES;
				CLANG_WARN_SUSPICIOUS_MOVE = YES;
				CLANG_WARN_UNGUARDED_AVAILABILITY = YES_AGGRESSIVE;
				CLANG_WARN_UNREACHABLE_CODE = YES;
				CLANG_WARN__DUPLICATE_METHOD_MATCH = YES;
				CODE_SIGN_IDENTITY = "iPhone Developer";
				COPY_PHASE_STRIP = NO;
				DEBUG_INFORMATION_FORMAT = "dwarf-with-dsym";
				ENABLE_NS_ASSERTIONS = NO;
				ENABLE_STRICT_OBJC_MSGSEND = YES;
				GCC_C_LANGUAGE_STANDARD = gnu11;
				GCC_NO_COMMON_BLOCKS = YES;
				GCC_WARN_64_TO_32_BIT_CONVERSION = YES;
				GCC_WARN_ABOUT_RETURN_TYPE = YES_ERROR;
				GCC_WARN_UNDECLARED_SELECTOR = YES;
				GCC_WARN_UNINITIALIZED_AUTOS = YES_AGGRESSIVE;
				GCC_WARN_UNUSED_FUNCTION = YES;
				GCC_WARN_UNUSED_VARIABLE = YES;
				IPHONEOS_DEPLOYMENT_TARGET = 11.4;
				MTL_ENABLE_DEBUG_INFO = NO;
				SDKROOT = iphoneos;
				SWIFT_COMPILATION_MODE = wholemodule;
				SWIFT_OPTIMIZATION_LEVEL = "-O";
				VALIDATE_PRODUCT = YES;
			};
			name = Release;
		};
		290DD6672189C4E5007693FE /* Debug */ = {
			isa = XCBuildConfiguration;
			buildSettings = {
				ASSETCATALOG_COMPILER_APPICON_NAME = AppIcon;
				CODE_SIGN_IDENTITY = "iPhone Distribution";
				CODE_SIGN_STYLE = Manual;
				DEVELOPMENT_TEAM = LSVVD8ZPH6;
				INFOPLIST_FILE = Deepthi/Info.plist;
				IPHONEOS_DEPLOYMENT_TARGET = 10.2;
				LD_RUNPATH_SEARCH_PATHS = (
					"$(inherited)",
					"@executable_path/Frameworks",
				);
				PRODUCT_BUNDLE_IDENTIFIER = com.cognizantmobilityenterprise.Deepthi;
				PRODUCT_NAME = "$(TARGET_NAME)";
				PROVISIONING_PROFILE = "54763f3e-f511-4a5c-8c5d-297fb34c2bd8";
				PROVISIONING_PROFILE_SPECIFIER = CognizantEnterpriseMobility;
				SWIFT_VERSION = 4.0;
				TARGETED_DEVICE_FAMILY = "1,2";
			};
			name = Debug;
		};
		290DD6682189C4E5007693FE /* Release */ = {
			isa = XCBuildConfiguration;
			buildSettings = {
				ASSETCATALOG_COMPILER_APPICON_NAME = AppIcon;
				CODE_SIGN_IDENTITY = "iPhone Distribution";
				CODE_SIGN_STYLE = Manual;
				DEVELOPMENT_TEAM = LSVVD8ZPH6;
				INFOPLIST_FILE = Deepthi/Info.plist;
				IPHONEOS_DEPLOYMENT_TARGET = 10.2;
				LD_RUNPATH_SEARCH_PATHS = (
					"$(inherited)",
					"@executable_path/Frameworks",
				);
				PRODUCT_BUNDLE_IDENTIFIER = com.cognizantmobilityenterprise.Deepthi;
				PRODUCT_NAME = "$(TARGET_NAME)";
				PROVISIONING_PROFILE = "54763f3e-f511-4a5c-8c5d-297fb34c2bd8";
				PROVISIONING_PROFILE_SPECIFIER = CognizantEnterpriseMobility;
				SWIFT_VERSION = 4.0;
				TARGETED_DEVICE_FAMILY = "1,2";
			};
			name = Release;
		};
		293376DF21A44CD000AEDE42 /* Debug */ = {
			isa = XCBuildConfiguration;
			buildSettings = {
				BUNDLE_LOADER = "$(TEST_HOST)";
				CODE_SIGN_STYLE = Automatic;
				INFOPLIST_FILE = DeepthiTests/Info.plist;
				LD_RUNPATH_SEARCH_PATHS = (
					"$(inherited)",
					"@executable_path/Frameworks",
					"@loader_path/Frameworks",
				);
				PRODUCT_BUNDLE_IDENTIFIER = com.cognizant.DeepthiTests;
				PRODUCT_NAME = "$(TARGET_NAME)";
				SWIFT_VERSION = 4.0;
				TARGETED_DEVICE_FAMILY = "1,2";
				TEST_HOST = "$(BUILT_PRODUCTS_DIR)/Deepthi.app/Deepthi";
			};
			name = Debug;
		};
		293376E021A44CD000AEDE42 /* Release */ = {
			isa = XCBuildConfiguration;
			buildSettings = {
				BUNDLE_LOADER = "$(TEST_HOST)";
				CODE_SIGN_STYLE = Automatic;
				INFOPLIST_FILE = DeepthiTests/Info.plist;
				LD_RUNPATH_SEARCH_PATHS = (
					"$(inherited)",
					"@executable_path/Frameworks",
					"@loader_path/Frameworks",
				);
				PRODUCT_BUNDLE_IDENTIFIER = com.cognizant.DeepthiTests;
				PRODUCT_NAME = "$(TARGET_NAME)";
				SWIFT_VERSION = 4.0;
				TARGETED_DEVICE_FAMILY = "1,2";
				TEST_HOST = "$(BUILT_PRODUCTS_DIR)/Deepthi.app/Deepthi";
			};
			name = Release;
		};
/* End XCBuildConfiguration section */

/* Begin XCConfigurationList section */
		290DD64B2189C4E4007693FE /* Build configuration list for PBXProject "Deepthi" */ = {
			isa = XCConfigurationList;
			buildConfigurations = (
				290DD6642189C4E5007693FE /* Debug */,
				290DD6652189C4E5007693FE /* Release */,
			);
			defaultConfigurationIsVisible = 0;
			defaultConfigurationName = Release;
		};
		290DD6662189C4E5007693FE /* Build configuration list for PBXNativeTarget "Deepthi" */ = {
			isa = XCConfigurationList;
			buildConfigurations = (
				290DD6672189C4E5007693FE /* Debug */,
				290DD6682189C4E5007693FE /* Release */,
			);
			defaultConfigurationIsVisible = 0;
			defaultConfigurationName = Release;
		};
		293376DE21A44CD000AEDE42 /* Build configuration list for PBXNativeTarget "DeepthiTests" */ = {
			isa = XCConfigurationList;
			buildConfigurations = (
				293376DF21A44CD000AEDE42 /* Debug */,
				293376E021A44CD000AEDE42 /* Release */,
			);
			defaultConfigurationIsVisible = 0;
			defaultConfigurationName = Release;
		};
/* End XCConfigurationList section */
	};
	rootObject = 290DD6482189C4E4007693FE /* Project object */;
}
